
Microsoft Visual Studio Solution File, Format Version 12.00
# Visual Studio Version 17
VisualStudioVersion = 17.13.35919.96
MinimumVisualStudioVersion = 10.0.40219.1
Project("{FAE04EC0-301F-11D3-BF4B-00C04F79EFBC}") = "WinForms", "WinForms\WinForms.csproj", "{5534B0B9-19AB-42C8-BD85-67762D214285}"
EndProject
Project("{FAE04EC0-301F-11D3-BF4B-00C04F79EFBC}") = "DataLayer", "DataLayer\DataLayer.csproj", "{11700FEE-B13D-46E6-BAB0-2BFBBB3C9EE0}"
EndProject
Project("{FAE04EC0-301F-11D3-BF4B-00C04F79EFBC}") = "WPF", "WPF\WPF.csproj", "{3917D7CE-C73B-40C2-A4DD-7E584575385A}"
EndProject
Global
	GlobalSection(SolutionConfigurationPlatforms) = preSolution
		Debug|Any CPU = Debug|Any CPU
		Release|Any CPU = Release|Any CPU
	EndGlobalSection
	GlobalSection(ProjectConfigurationPlatforms) = postSolution
		{5534B0B9-19AB-42C8-BD85-67762D214285}.Debug|Any CPU.ActiveCfg = Debug|Any CPU
		{5534B0B9-19AB-42C8-BD85-67762D214285}.Debug|Any CPU.Build.0 = Debug|Any CPU
		{5534B0B9-19AB-42C8-BD85-67762D214285}.Release|Any CPU.ActiveCfg = Release|Any CPU
		{5534B0B9-19AB-42C8-BD85-67762D214285}.Release|Any CPU.Build.0 = Release|Any CPU
		{11700FEE-B13D-46E6-BAB0-2BFBBB3C9EE0}.Debug|Any CPU.ActiveCfg = Debug|Any CPU
		{11700FEE-B13D-46E6-BAB0-2BFBBB3C9EE0}.Debug|Any CPU.Build.0 = Debug|Any CPU
		{11700FEE-B13D-46E6-BAB0-2BFBBB3C9EE0}.Release|Any CPU.ActiveCfg = Release|Any CPU
		{11700FEE-B13D-46E6-BAB0-2BFBBB3C9EE0}.Release|Any CPU.Build.0 = Release|Any CPU
		{3917D7CE-C73B-40C2-A4DD-7E584575385A}.Debug|Any CPU.ActiveCfg = Debug|Any CPU
		{3917D7CE-C73B-40C2-A4DD-7E584575385A}.Debug|Any CPU.Build.0 = Debug|Any CPU
		{3917D7CE-C73B-40C2-A4DD-7E584575385A}.Release|Any CPU.ActiveCfg = Release|Any CPU
		{3917D7CE-C73B-40C2-A4DD-7E584575385A}.Release|Any CPU.Build.0 = Release|Any CPU
	EndGlobalSection
	GlobalSection(SolutionProperties) = preSolution
		HideSolutionNode = FALSE
	EndGlobalSection
	GlobalSection(ExtensibilityGlobals) = postSolution
		SolutionGuid = {D9233281-9A56-4ABF-A515-21077B641730}
	EndGlobalSection
EndGlobal
